{
  "name": "expsuehep",
  "version": "1.0.0",
  "lockfileVersion": 3,
  "requires": true,
  "packages": {
    "": {
      "name": "expsuehep",
      "version": "0.1.0",
      "license": "AGPL-3.0-or-later",
      "dependencies": {
        "@types/bun": "^1.3.14",
        "hep-js": "^1.0.23"
      }
    },
    "node_modules/@types/bun": {
      "version": "1.3.14",
      "license": "MIT",
      "dependencies": {
        "bun-types": "1.3.14"
      }
    },
    "node_modules/@types/node": {
      "version": "25.7.0",
      "license": "MIT",
      "dependencies": {
        "undici-types": "~7.21.0"
      }
    },
    "node_modules/binary-parser": {
      "version": "1.9.2",
      "license": "MIT",
      "dependencies": {
        "fast-text-encoding": "^1.0.3"
      },
      "engines": {
        "node": ">=10"
      }
    },
    "node_modules/bun-types": {
      "version": "1.3.14",
      "license": "MIT",
      "dependencies": {
        "@types/node": "*"
      }
    },
    "node_modules/fast-text-encoding": {
      "version": "1.0.6",
      "license": "Apache-2.0"
    },
    "node_modules/hep-js": {
      "version": "1.0.23",
      "resolved": "https://registry.npmjs.org/hep-js/-/hep-js-1.0.23.tgz",
      "integrity": "sha512-oZ+JJ3N95TQ2XPhxxqn80WoWjjIk6fKQvZ4Vt9CM4FVC/yQ7e+2C8IQ3U0TaLAmbhXgeVD7txSaIooANcgeZnQ==",
      "license": "GPLv2",
      "dependencies": {
        "binary-parser": "^1.3.2",
        "mixin-deep": "^2.0.1"
      }
    },
    "node_modules/mixin-deep": {
      "version": "2.0.1",
      "license": "MIT",
      "engines": {
        "node": ">=6"
      }
    },
    "node_modules/undici-types": {
      "version": "7.21.0",
      "license": "MIT"
    }
  }
}
